
Microsoft Visual Studio Solution File, Format Version 12.00
# Visual Studio 14
VisualStudioVersion = 14.0.25420.1
MinimumVisualStudioVersion = 10.0.40219.1
Project("{FAE04EC0-301F-11D3-BF4B-00C04F79EFBC}") = "第三周作业-201511190114-任春哲", "第三周作业-201511190114-任春哲\第三周作业-201511190114-任春哲.csproj", "{033E6747-FE9B-4440-BBF6-E404F9E3C84A}"
EndProject
Global
	GlobalSection(SolutionConfigurationPlatforms) = preSolution
		Debug|Any CPU = Debug|Any CPU
		Release|Any CPU = Release|Any CPU
	EndGlobalSection
	GlobalSection(ProjectConfigurationPlatforms) = postSolution
		{033E6747-FE9B-4440-BBF6-E404F9E3C84A}.Debug|Any CPU.ActiveCfg = Debug|Any CPU
		{033E6747-FE9B-4440-BBF6-E404F9E3C84A}.Debug|Any CPU.Build.0 = Debug|Any CPU
		{033E6747-FE9B-4440-BBF6-E404F9E3C84A}.Release|Any CPU.ActiveCfg = Release|Any CPU
		{033E6747-FE9B-4440-BBF6-E404F9E3C84A}.Release|Any CPU.Build.0 = Release|Any CPU
	EndGlobalSection
	GlobalSection(SolutionProperties) = preSolution
		HideSolutionNode = FALSE
	EndGlobalSection
EndGlobal
