
Microsoft Visual Studio Solution File, Format Version 12.00
# Visual Studio 14
VisualStudioVersion = 14.0.25420.1
MinimumVisualStudioVersion = 10.0.40219.1
Project("{FAE04EC0-301F-11D3-BF4B-00C04F79EFBC}") = "第三周上课", "第三周上课\第三周上课.csproj", "{1DB1F5DD-791F-4458-BE99-FF60EB7613BD}"
EndProject
Project("{FAE04EC0-301F-11D3-BF4B-00C04F79EFBC}") = "ExchangeMoney", "ExchangeMoney\ExchangeMoney.csproj", "{51495FE0-7488-4418-9754-80A8BBD3614E}"
EndProject
Global
	GlobalSection(SolutionConfigurationPlatforms) = preSolution
		Debug|Any CPU = Debug|Any CPU
		Release|Any CPU = Release|Any CPU
	EndGlobalSection
	GlobalSection(ProjectConfigurationPlatforms) = postSolution
		{1DB1F5DD-791F-4458-BE99-FF60EB7613BD}.Debug|Any CPU.ActiveCfg = Debug|Any CPU
		{1DB1F5DD-791F-4458-BE99-FF60EB7613BD}.Debug|Any CPU.Build.0 = Debug|Any CPU
		{1DB1F5DD-791F-4458-BE99-FF60EB7613BD}.Release|Any CPU.ActiveCfg = Release|Any CPU
		{1DB1F5DD-791F-4458-BE99-FF60EB7613BD}.Release|Any CPU.Build.0 = Release|Any CPU
		{51495FE0-7488-4418-9754-80A8BBD3614E}.Debug|Any CPU.ActiveCfg = Debug|Any CPU
		{51495FE0-7488-4418-9754-80A8BBD3614E}.Debug|Any CPU.Build.0 = Debug|Any CPU
		{51495FE0-7488-4418-9754-80A8BBD3614E}.Release|Any CPU.ActiveCfg = Release|Any CPU
		{51495FE0-7488-4418-9754-80A8BBD3614E}.Release|Any CPU.Build.0 = Release|Any CPU
	EndGlobalSection
	GlobalSection(SolutionProperties) = preSolution
		HideSolutionNode = FALSE
	EndGlobalSection
EndGlobal
