
Microsoft Visual Studio Solution File, Format Version 12.00
# Visual Studio 15
VisualStudioVersion = 15.0.27130.2027
MinimumVisualStudioVersion = 10.0.40219.1
Project("{FAE04EC0-301F-11D3-BF4B-00C04F79EFBC}") = "1.twoNum", "leetcode\1.twoNum.csproj", "{A34451E0-0F64-4211-8C9B-4CD3539C27CB}"
EndProject
Project("{FAE04EC0-301F-11D3-BF4B-00C04F79EFBC}") = "2.TwoSum", "2.TwoSum\2.TwoSum.csproj", "{8D8EE37C-4AA1-4DD0-81ED-EB1D9D62AC8F}"
EndProject
Project("{FAE04EC0-301F-11D3-BF4B-00C04F79EFBC}") = "7.颠倒整数", "7.颠倒整数\7.颠倒整数.csproj", "{6E6ED69C-A0B9-4976-8360-DAB1ECD3F338}"
EndProject
Project("{FAE04EC0-301F-11D3-BF4B-00C04F79EFBC}") = "List使用_基础", "List使用\List使用_基础.csproj", "{6BF6227A-E377-4A61-847C-6C5793BE105D}"
EndProject
Project("{FAE04EC0-301F-11D3-BF4B-00C04F79EFBC}") = "List_Find", "List_Find\List_Find.csproj", "{B1C6D668-0A43-42A9-8894-93530B04BA1A}"
EndProject
Project("{FAE04EC0-301F-11D3-BF4B-00C04F79EFBC}") = "数据类型", "数据类型\数据类型.csproj", "{6087E527-48ED-4BB3-9571-B21FCD053E4F}"
EndProject
Project("{FAE04EC0-301F-11D3-BF4B-00C04F79EFBC}") = "3.最大子串", "3.最大子串\3.最大子串.csproj", "{E3944C09-9A8F-44DB-96EF-AF7B1B79A97B}"
EndProject
Project("{8BC9CEB8-8B4A-11D0-8D11-00A0C91BC942}") = "BS_HashTable", "HashTable\HashTable.vcxproj", "{2E15B2A2-A513-4031-8106-5771AB38764F}"
EndProject
Project("{FAE04EC0-301F-11D3-BF4B-00C04F79EFBC}") = "BS_hashTable_learn", "hashTable_learn\BS_hashTable_learn.csproj", "{E5936D3C-9018-40FB-9C9C-C402FF0ADEED}"
EndProject
Project("{FAE04EC0-301F-11D3-BF4B-00C04F79EFBC}") = "DS1_总结", "DS_Array\DS1_总结.csproj", "{E839077F-3968-4CB3-9A8B-077D83EB7A1F}"
EndProject
Project("{FAE04EC0-301F-11D3-BF4B-00C04F79EFBC}") = "DS2_顺序表", "DS2_顺序表\DS2_顺序表.csproj", "{011D587F-F9E2-41D6-865E-016CF7570F86}"
EndProject
Project("{FAE04EC0-301F-11D3-BF4B-00C04F79EFBC}") = "DS3链表", "DS3链表\DS3链表.csproj", "{A4702C13-9235-43E3-A30E-5779532DAACE}"
EndProject
Project("{FAE04EC0-301F-11D3-BF4B-00C04F79EFBC}") = "DS4双向链表", "DS4双向链表\DS4双向链表.csproj", "{CD7AD202-6167-4747-B4B8-8D49BB7F3144}"
EndProject
Project("{FAE04EC0-301F-11D3-BF4B-00C04F79EFBC}") = "DS5_stack_queue", "DS5_stack_queue\DS5_stack_queue.csproj", "{79A763C9-6329-43AC-8BE1-214A47B73F81}"
EndProject
Project("{FAE04EC0-301F-11D3-BF4B-00C04F79EFBC}") = "Generics了解", "Generics了解\Generics了解.csproj", "{F31DD3EB-0371-467E-86B8-5214C3BA9CD1}"
EndProject
Project("{FAE04EC0-301F-11D3-BF4B-00C04F79EFBC}") = "DS6_String", "DS6_String\DS6_String.csproj", "{7D43496C-2838-4304-8962-FB77DB7E131C}"
EndProject
Project("{FAE04EC0-301F-11D3-BF4B-00C04F79EFBC}") = "DS7_树", "DS7_树\DS7_树.csproj", "{0FC90060-EAA2-4A64-94D0-6D1B2F339D3B}"
EndProject
Project("{FAE04EC0-301F-11D3-BF4B-00C04F79EFBC}") = "二叉树搜索树BST", "二叉树的实现\二叉树搜索树BST.csproj", "{174B2F9C-11AE-4845-A657-17B68484DAE3}"
EndProject
Project("{FAE04EC0-301F-11D3-BF4B-00C04F79EFBC}") = "IComparable接口", "ICompareTo接口\IComparable接口.csproj", "{FD041055-1ACF-4DF2-9FB6-8D0F7AD1415E}"
EndProject
Project("{FAE04EC0-301F-11D3-BF4B-00C04F79EFBC}") = "DS_哈夫曼树", "哈夫曼树\DS_哈夫曼树.csproj", "{7BB6C89E-BD6F-4BD2-8300-34656D6AA515}"
EndProject
Project("{FAE04EC0-301F-11D3-BF4B-00C04F79EFBC}") = "TEST", "TEST\TEST.csproj", "{00AF59E1-3DBD-42DF-9753-4CA42B9D298D}"
EndProject
Project("{FAE04EC0-301F-11D3-BF4B-00C04F79EFBC}") = "override关键字", "override关键字\override关键字.csproj", "{2E0BF26B-F198-4CE0-B2B2-9696996FAC0F}"
EndProject
Project("{FAE04EC0-301F-11D3-BF4B-00C04F79EFBC}") = "基于Icomparer的比较函数", "基于Icomparer的比较函数\基于Icomparer的比较函数.csproj", "{25CFA544-4816-49E1-8826-17F496974209}"
EndProject
Project("{FAE04EC0-301F-11D3-BF4B-00C04F79EFBC}") = "DS_图入门", "DS_图入门\DS_图入门.csproj", "{3A3CF5BA-6B86-433D-A23C-A392D757E113}"
EndProject
Project("{FAE04EC0-301F-11D3-BF4B-00C04F79EFBC}") = "BS_List的嵌套实现", "DS_基于List实现二维数组\BS_List的嵌套实现.csproj", "{9AE26C17-975C-4681-AD8C-8F44F4B2E275}"
EndProject
Project("{FAE04EC0-301F-11D3-BF4B-00C04F79EFBC}") = "BS_XX", "BS_XX\BS_XX.csproj", "{2EABAA97-8152-473E-8B66-E8AD85201733}"
EndProject
Project("{FAE04EC0-301F-11D3-BF4B-00C04F79EFBC}") = "BS_委托", "BS_委托\BS_委托.csproj", "{08AEED6A-7DB7-4CAF-AD67-E27EACF02B4F}"
EndProject
Project("{FAE04EC0-301F-11D3-BF4B-00C04F79EFBC}") = "BS_委托_模板方法", "BS_委托_模板方法\BS_委托_模板方法.csproj", "{11F177FC-C7A3-4D62-81E2-2D0F715E37DC}"
EndProject
Project("{FAE04EC0-301F-11D3-BF4B-00C04F79EFBC}") = "BS_委托_回调方法", "BS_委托_回调方法\BS_委托_回调方法.csproj", "{261A0B34-6593-4317-9E92-DE5AFF2C1A5E}"
EndProject
Project("{FAE04EC0-301F-11D3-BF4B-00C04F79EFBC}") = "BS_高级委托", "BS_高级委托\BS_高级委托.csproj", "{88643886-911A-4625-AA43-4986475BDDBF}"
EndProject
Project("{FAE04EC0-301F-11D3-BF4B-00C04F79EFBC}") = "BS_Convert", "BS_Convert\BS_Convert.csproj", "{8B86E058-AAB8-44D2-8FA7-1233015BE67A}"
EndProject
Project("{FAE04EC0-301F-11D3-BF4B-00C04F79EFBC}") = "BS_使用接口替代委托", "BS_使用接口替代委托\BS_使用接口替代委托.csproj", "{6B7B16C3-3841-4635-9F83-B37AF74AC1A9}"
EndProject
Project("{FAE04EC0-301F-11D3-BF4B-00C04F79EFBC}") = "BS_事件", "BS_事件\BS_事件.csproj", "{9C39C76B-330E-48E6-A4AE-2A2926D38968}"
EndProject
Project("{FAE04EC0-301F-11D3-BF4B-00C04F79EFBC}") = "BS_事件2", "BS_事件2\BS_事件2.csproj", "{25A9B309-41DB-4824-9AF8-6D44BDCFD5FA}"
EndProject
Project("{FAE04EC0-301F-11D3-BF4B-00C04F79EFBC}") = "BS_事件3", "BS_事件3\BS_事件3.csproj", "{01C9D174-8983-402C-8136-D1F17D6E6D6D}"
EndProject
Project("{FAE04EC0-301F-11D3-BF4B-00C04F79EFBC}") = "BS_事件4", "BS_事件4\BS_事件4.csproj", "{A07B1FFC-7B39-4BEE-B1C0-986A0779B4F7}"
EndProject
Project("{FAE04EC0-301F-11D3-BF4B-00C04F79EFBC}") = "BS_事件5", "BS_事件5\BS_事件5.csproj", "{8792E1B6-57C1-4C22-B233-BBE0E67415AB}"
EndProject
Project("{FAE04EC0-301F-11D3-BF4B-00C04F79EFBC}") = "BS_事件7", "ConsoleApp1\BS_事件7.csproj", "{0E5F6846-7DC7-47C2-9475-4EC3485AF8DC}"
EndProject
Project("{FAE04EC0-301F-11D3-BF4B-00C04F79EFBC}") = "BS_事件8", "BS_事件8\BS_事件8.csproj", "{2518BB7E-6625-4486-8AD5-FF013F2725D4}"
EndProject
Project("{FAE04EC0-301F-11D3-BF4B-00C04F79EFBC}") = "BS_事件10", "BS_事件10\BS_事件10.csproj", "{16DD31C7-E6E6-4749-A960-88669C5EE662}"
EndProject
Global
	GlobalSection(SolutionConfigurationPlatforms) = preSolution
		Debug|Any CPU = Debug|Any CPU
		Debug|x64 = Debug|x64
		Debug|x86 = Debug|x86
		Release|Any CPU = Release|Any CPU
		Release|x64 = Release|x64
		Release|x86 = Release|x86
	EndGlobalSection
	GlobalSection(ProjectConfigurationPlatforms) = postSolution
		{A34451E0-0F64-4211-8C9B-4CD3539C27CB}.Debug|Any CPU.ActiveCfg = Debug|Any CPU
		{A34451E0-0F64-4211-8C9B-4CD3539C27CB}.Debug|Any CPU.Build.0 = Debug|Any CPU
		{A34451E0-0F64-4211-8C9B-4CD3539C27CB}.Debug|x64.ActiveCfg = Debug|Any CPU
		{A34451E0-0F64-4211-8C9B-4CD3539C27CB}.Debug|x64.Build.0 = Debug|Any CPU
		{A34451E0-0F64-4211-8C9B-4CD3539C27CB}.Debug|x86.ActiveCfg = Debug|Any CPU
		{A34451E0-0F64-4211-8C9B-4CD3539C27CB}.Debug|x86.Build.0 = Debug|Any CPU
		{A34451E0-0F64-4211-8C9B-4CD3539C27CB}.Release|Any CPU.ActiveCfg = Release|Any CPU
		{A34451E0-0F64-4211-8C9B-4CD3539C27CB}.Release|Any CPU.Build.0 = Release|Any CPU
		{A34451E0-0F64-4211-8C9B-4CD3539C27CB}.Release|x64.ActiveCfg = Release|Any CPU
		{A34451E0-0F64-4211-8C9B-4CD3539C27CB}.Release|x64.Build.0 = Release|Any CPU
		{A34451E0-0F64-4211-8C9B-4CD3539C27CB}.Release|x86.ActiveCfg = Release|Any CPU
		{A34451E0-0F64-4211-8C9B-4CD3539C27CB}.Release|x86.Build.0 = Release|Any CPU
		{8D8EE37C-4AA1-4DD0-81ED-EB1D9D62AC8F}.Debug|Any CPU.ActiveCfg = Debug|Any CPU
		{8D8EE37C-4AA1-4DD0-81ED-EB1D9D62AC8F}.Debug|Any CPU.Build.0 = Debug|Any CPU
		{8D8EE37C-4AA1-4DD0-81ED-EB1D9D62AC8F}.Debug|x64.ActiveCfg = Debug|Any CPU
		{8D8EE37C-4AA1-4DD0-81ED-EB1D9D62AC8F}.Debug|x64.Build.0 = Debug|Any CPU
		{8D8EE37C-4AA1-4DD0-81ED-EB1D9D62AC8F}.Debug|x86.ActiveCfg = Debug|Any CPU
		{8D8EE37C-4AA1-4DD0-81ED-EB1D9D62AC8F}.Debug|x86.Build.0 = Debug|Any CPU
		{8D8EE37C-4AA1-4DD0-81ED-EB1D9D62AC8F}.Release|Any CPU.ActiveCfg = Release|Any CPU
		{8D8EE37C-4AA1-4DD0-81ED-EB1D9D62AC8F}.Release|Any CPU.Build.0 = Release|Any CPU
		{8D8EE37C-4AA1-4DD0-81ED-EB1D9D62AC8F}.Release|x64.ActiveCfg = Release|Any CPU
		{8D8EE37C-4AA1-4DD0-81ED-EB1D9D62AC8F}.Release|x64.Build.0 = Release|Any CPU
		{8D8EE37C-4AA1-4DD0-81ED-EB1D9D62AC8F}.Release|x86.ActiveCfg = Release|Any CPU
		{8D8EE37C-4AA1-4DD0-81ED-EB1D9D62AC8F}.Release|x86.Build.0 = Release|Any CPU
		{6E6ED69C-A0B9-4976-8360-DAB1ECD3F338}.Debug|Any CPU.ActiveCfg = Debug|Any CPU
		{6E6ED69C-A0B9-4976-8360-DAB1ECD3F338}.Debug|Any CPU.Build.0 = Debug|Any CPU
		{6E6ED69C-A0B9-4976-8360-DAB1ECD3F338}.Debug|x64.ActiveCfg = Debug|Any CPU
		{6E6ED69C-A0B9-4976-8360-DAB1ECD3F338}.Debug|x64.Build.0 = Debug|Any CPU
		{6E6ED69C-A0B9-4976-8360-DAB1ECD3F338}.Debug|x86.ActiveCfg = Debug|Any CPU
		{6E6ED69C-A0B9-4976-8360-DAB1ECD3F338}.Debug|x86.Build.0 = Debug|Any CPU
		{6E6ED69C-A0B9-4976-8360-DAB1ECD3F338}.Release|Any CPU.ActiveCfg = Release|Any CPU
		{6E6ED69C-A0B9-4976-8360-DAB1ECD3F338}.Release|Any CPU.Build.0 = Release|Any CPU
		{6E6ED69C-A0B9-4976-8360-DAB1ECD3F338}.Release|x64.ActiveCfg = Release|Any CPU
		{6E6ED69C-A0B9-4976-8360-DAB1ECD3F338}.Release|x64.Build.0 = Release|Any CPU
		{6E6ED69C-A0B9-4976-8360-DAB1ECD3F338}.Release|x86.ActiveCfg = Release|Any CPU
		{6E6ED69C-A0B9-4976-8360-DAB1ECD3F338}.Release|x86.Build.0 = Release|Any CPU
		{6BF6227A-E377-4A61-847C-6C5793BE105D}.Debug|Any CPU.ActiveCfg = Debug|Any CPU
		{6BF6227A-E377-4A61-847C-6C5793BE105D}.Debug|Any CPU.Build.0 = Debug|Any CPU
		{6BF6227A-E377-4A61-847C-6C5793BE105D}.Debug|x64.ActiveCfg = Debug|Any CPU
		{6BF6227A-E377-4A61-847C-6C5793BE105D}.Debug|x64.Build.0 = Debug|Any CPU
		{6BF6227A-E377-4A61-847C-6C5793BE105D}.Debug|x86.ActiveCfg = Debug|Any CPU
		{6BF6227A-E377-4A61-847C-6C5793BE105D}.Debug|x86.Build.0 = Debug|Any CPU
		{6BF6227A-E377-4A61-847C-6C5793BE105D}.Release|Any CPU.ActiveCfg = Release|Any CPU
		{6BF6227A-E377-4A61-847C-6C5793BE105D}.Release|Any CPU.Build.0 = Release|Any CPU
		{6BF6227A-E377-4A61-847C-6C5793BE105D}.Release|x64.ActiveCfg = Release|Any CPU
		{6BF6227A-E377-4A61-847C-6C5793BE105D}.Release|x64.Build.0 = Release|Any CPU
		{6BF6227A-E377-4A61-847C-6C5793BE105D}.Release|x86.ActiveCfg = Release|Any CPU
		{6BF6227A-E377-4A61-847C-6C5793BE105D}.Release|x86.Build.0 = Release|Any CPU
		{B1C6D668-0A43-42A9-8894-93530B04BA1A}.Debug|Any CPU.ActiveCfg = Debug|Any CPU
		{B1C6D668-0A43-42A9-8894-93530B04BA1A}.Debug|Any CPU.Build.0 = Debug|Any CPU
		{B1C6D668-0A43-42A9-8894-93530B04BA1A}.Debug|x64.ActiveCfg = Debug|Any CPU
		{B1C6D668-0A43-42A9-8894-93530B04BA1A}.Debug|x64.Build.0 = Debug|Any CPU
		{B1C6D668-0A43-42A9-8894-93530B04BA1A}.Debug|x86.ActiveCfg = Debug|Any CPU
		{B1C6D668-0A43-42A9-8894-93530B04BA1A}.Debug|x86.Build.0 = Debug|Any CPU
		{B1C6D668-0A43-42A9-8894-93530B04BA1A}.Release|Any CPU.ActiveCfg = Release|Any CPU
		{B1C6D668-0A43-42A9-8894-93530B04BA1A}.Release|Any CPU.Build.0 = Release|Any CPU
		{B1C6D668-0A43-42A9-8894-93530B04BA1A}.Release|x64.ActiveCfg = Release|Any CPU
		{B1C6D668-0A43-42A9-8894-93530B04BA1A}.Release|x64.Build.0 = Release|Any CPU
		{B1C6D668-0A43-42A9-8894-93530B04BA1A}.Release|x86.ActiveCfg = Release|Any CPU
		{B1C6D668-0A43-42A9-8894-93530B04BA1A}.Release|x86.Build.0 = Release|Any CPU
		{6087E527-48ED-4BB3-9571-B21FCD053E4F}.Debug|Any CPU.ActiveCfg = Debug|Any CPU
		{6087E527-48ED-4BB3-9571-B21FCD053E4F}.Debug|Any CPU.Build.0 = Debug|Any CPU
		{6087E527-48ED-4BB3-9571-B21FCD053E4F}.Debug|x64.ActiveCfg = Debug|Any CPU
		{6087E527-48ED-4BB3-9571-B21FCD053E4F}.Debug|x64.Build.0 = Debug|Any CPU
		{6087E527-48ED-4BB3-9571-B21FCD053E4F}.Debug|x86.ActiveCfg = Debug|Any CPU
		{6087E527-48ED-4BB3-9571-B21FCD053E4F}.Debug|x86.Build.0 = Debug|Any CPU
		{6087E527-48ED-4BB3-9571-B21FCD053E4F}.Release|Any CPU.ActiveCfg = Release|Any CPU
		{6087E527-48ED-4BB3-9571-B21FCD053E4F}.Release|Any CPU.Build.0 = Release|Any CPU
		{6087E527-48ED-4BB3-9571-B21FCD053E4F}.Release|x64.ActiveCfg = Release|Any CPU
		{6087E527-48ED-4BB3-9571-B21FCD053E4F}.Release|x64.Build.0 = Release|Any CPU
		{6087E527-48ED-4BB3-9571-B21FCD053E4F}.Release|x86.ActiveCfg = Release|Any CPU
		{6087E527-48ED-4BB3-9571-B21FCD053E4F}.Release|x86.Build.0 = Release|Any CPU
		{E3944C09-9A8F-44DB-96EF-AF7B1B79A97B}.Debug|Any CPU.ActiveCfg = Debug|Any CPU
		{E3944C09-9A8F-44DB-96EF-AF7B1B79A97B}.Debug|Any CPU.Build.0 = Debug|Any CPU
		{E3944C09-9A8F-44DB-96EF-AF7B1B79A97B}.Debug|x64.ActiveCfg = Debug|Any CPU
		{E3944C09-9A8F-44DB-96EF-AF7B1B79A97B}.Debug|x64.Build.0 = Debug|Any CPU
		{E3944C09-9A8F-44DB-96EF-AF7B1B79A97B}.Debug|x86.ActiveCfg = Debug|Any CPU
		{E3944C09-9A8F-44DB-96EF-AF7B1B79A97B}.Debug|x86.Build.0 = Debug|Any CPU
		{E3944C09-9A8F-44DB-96EF-AF7B1B79A97B}.Release|Any CPU.ActiveCfg = Release|Any CPU
		{E3944C09-9A8F-44DB-96EF-AF7B1B79A97B}.Release|Any CPU.Build.0 = Release|Any CPU
		{E3944C09-9A8F-44DB-96EF-AF7B1B79A97B}.Release|x64.ActiveCfg = Release|Any CPU
		{E3944C09-9A8F-44DB-96EF-AF7B1B79A97B}.Release|x64.Build.0 = Release|Any CPU
		{E3944C09-9A8F-44DB-96EF-AF7B1B79A97B}.Release|x86.ActiveCfg = Release|Any CPU
		{E3944C09-9A8F-44DB-96EF-AF7B1B79A97B}.Release|x86.Build.0 = Release|Any CPU
		{2E15B2A2-A513-4031-8106-5771AB38764F}.Debug|Any CPU.ActiveCfg = Debug|Win32
		{2E15B2A2-A513-4031-8106-5771AB38764F}.Debug|x64.ActiveCfg = Debug|x64
		{2E15B2A2-A513-4031-8106-5771AB38764F}.Debug|x64.Build.0 = Debug|x64
		{2E15B2A2-A513-4031-8106-5771AB38764F}.Debug|x86.ActiveCfg = Debug|Win32
		{2E15B2A2-A513-4031-8106-5771AB38764F}.Debug|x86.Build.0 = Debug|Win32
		{2E15B2A2-A513-4031-8106-5771AB38764F}.Release|Any CPU.ActiveCfg = Release|Win32
		{2E15B2A2-A513-4031-8106-5771AB38764F}.Release|x64.ActiveCfg = Release|x64
		{2E15B2A2-A513-4031-8106-5771AB38764F}.Release|x64.Build.0 = Release|x64
		{2E15B2A2-A513-4031-8106-5771AB38764F}.Release|x86.ActiveCfg = Release|Win32
		{2E15B2A2-A513-4031-8106-5771AB38764F}.Release|x86.Build.0 = Release|Win32
		{E5936D3C-9018-40FB-9C9C-C402FF0ADEED}.Debug|Any CPU.ActiveCfg = Debug|Any CPU
		{E5936D3C-9018-40FB-9C9C-C402FF0ADEED}.Debug|Any CPU.Build.0 = Debug|Any CPU
		{E5936D3C-9018-40FB-9C9C-C402FF0ADEED}.Debug|x64.ActiveCfg = Debug|Any CPU
		{E5936D3C-9018-40FB-9C9C-C402FF0ADEED}.Debug|x64.Build.0 = Debug|Any CPU
		{E5936D3C-9018-40FB-9C9C-C402FF0ADEED}.Debug|x86.ActiveCfg = Debug|Any CPU
		{E5936D3C-9018-40FB-9C9C-C402FF0ADEED}.Debug|x86.Build.0 = Debug|Any CPU
		{E5936D3C-9018-40FB-9C9C-C402FF0ADEED}.Release|Any CPU.ActiveCfg = Release|Any CPU
		{E5936D3C-9018-40FB-9C9C-C402FF0ADEED}.Release|Any CPU.Build.0 = Release|Any CPU
		{E5936D3C-9018-40FB-9C9C-C402FF0ADEED}.Release|x64.ActiveCfg = Release|Any CPU
		{E5936D3C-9018-40FB-9C9C-C402FF0ADEED}.Release|x64.Build.0 = Release|Any CPU
		{E5936D3C-9018-40FB-9C9C-C402FF0ADEED}.Release|x86.ActiveCfg = Release|Any CPU
		{E5936D3C-9018-40FB-9C9C-C402FF0ADEED}.Release|x86.Build.0 = Release|Any CPU
		{E839077F-3968-4CB3-9A8B-077D83EB7A1F}.Debug|Any CPU.ActiveCfg = Debug|Any CPU
		{E839077F-3968-4CB3-9A8B-077D83EB7A1F}.Debug|Any CPU.Build.0 = Debug|Any CPU
		{E839077F-3968-4CB3-9A8B-077D83EB7A1F}.Debug|x64.ActiveCfg = Debug|Any CPU
		{E839077F-3968-4CB3-9A8B-077D83EB7A1F}.Debug|x64.Build.0 = Debug|Any CPU
		{E839077F-3968-4CB3-9A8B-077D83EB7A1F}.Debug|x86.ActiveCfg = Debug|Any CPU
		{E839077F-3968-4CB3-9A8B-077D83EB7A1F}.Debug|x86.Build.0 = Debug|Any CPU
		{E839077F-3968-4CB3-9A8B-077D83EB7A1F}.Release|Any CPU.ActiveCfg = Release|Any CPU
		{E839077F-3968-4CB3-9A8B-077D83EB7A1F}.Release|Any CPU.Build.0 = Release|Any CPU
		{E839077F-3968-4CB3-9A8B-077D83EB7A1F}.Release|x64.ActiveCfg = Release|Any CPU
		{E839077F-3968-4CB3-9A8B-077D83EB7A1F}.Release|x64.Build.0 = Release|Any CPU
		{E839077F-3968-4CB3-9A8B-077D83EB7A1F}.Release|x86.ActiveCfg = Release|Any CPU
		{E839077F-3968-4CB3-9A8B-077D83EB7A1F}.Release|x86.Build.0 = Release|Any CPU
		{011D587F-F9E2-41D6-865E-016CF7570F86}.Debug|Any CPU.ActiveCfg = Debug|Any CPU
		{011D587F-F9E2-41D6-865E-016CF7570F86}.Debug|Any CPU.Build.0 = Debug|Any CPU
		{011D587F-F9E2-41D6-865E-016CF7570F86}.Debug|x64.ActiveCfg = Debug|Any CPU
		{011D587F-F9E2-41D6-865E-016CF7570F86}.Debug|x64.Build.0 = Debug|Any CPU
		{011D587F-F9E2-41D6-865E-016CF7570F86}.Debug|x86.ActiveCfg = Debug|Any CPU
		{011D587F-F9E2-41D6-865E-016CF7570F86}.Debug|x86.Build.0 = Debug|Any CPU
		{011D587F-F9E2-41D6-865E-016CF7570F86}.Release|Any CPU.ActiveCfg = Release|Any CPU
		{011D587F-F9E2-41D6-865E-016CF7570F86}.Release|Any CPU.Build.0 = Release|Any CPU
		{011D587F-F9E2-41D6-865E-016CF7570F86}.Release|x64.ActiveCfg = Release|Any CPU
		{011D587F-F9E2-41D6-865E-016CF7570F86}.Release|x64.Build.0 = Release|Any CPU
		{011D587F-F9E2-41D6-865E-016CF7570F86}.Release|x86.ActiveCfg = Release|Any CPU
		{011D587F-F9E2-41D6-865E-016CF7570F86}.Release|x86.Build.0 = Release|Any CPU
		{A4702C13-9235-43E3-A30E-5779532DAACE}.Debug|Any CPU.ActiveCfg = Debug|Any CPU
		{A4702C13-9235-43E3-A30E-5779532DAACE}.Debug|Any CPU.Build.0 = Debug|Any CPU
		{A4702C13-9235-43E3-A30E-5779532DAACE}.Debug|x64.ActiveCfg = Debug|Any CPU
		{A4702C13-9235-43E3-A30E-5779532DAACE}.Debug|x64.Build.0 = Debug|Any CPU
		{A4702C13-9235-43E3-A30E-5779532DAACE}.Debug|x86.ActiveCfg = Debug|Any CPU
		{A4702C13-9235-43E3-A30E-5779532DAACE}.Debug|x86.Build.0 = Debug|Any CPU
		{A4702C13-9235-43E3-A30E-5779532DAACE}.Release|Any CPU.ActiveCfg = Release|Any CPU
		{A4702C13-9235-43E3-A30E-5779532DAACE}.Release|Any CPU.Build.0 = Release|Any CPU
		{A4702C13-9235-43E3-A30E-5779532DAACE}.Release|x64.ActiveCfg = Release|Any CPU
		{A4702C13-9235-43E3-A30E-5779532DAACE}.Release|x64.Build.0 = Release|Any CPU
		{A4702C13-9235-43E3-A30E-5779532DAACE}.Release|x86.ActiveCfg = Release|Any CPU
		{A4702C13-9235-43E3-A30E-5779532DAACE}.Release|x86.Build.0 = Release|Any CPU
		{CD7AD202-6167-4747-B4B8-8D49BB7F3144}.Debug|Any CPU.ActiveCfg = Debug|Any CPU
		{CD7AD202-6167-4747-B4B8-8D49BB7F3144}.Debug|Any CPU.Build.0 = Debug|Any CPU
		{CD7AD202-6167-4747-B4B8-8D49BB7F3144}.Debug|x64.ActiveCfg = Debug|Any CPU
		{CD7AD202-6167-4747-B4B8-8D49BB7F3144}.Debug|x64.Build.0 = Debug|Any CPU
		{CD7AD202-6167-4747-B4B8-8D49BB7F3144}.Debug|x86.ActiveCfg = Debug|Any CPU
		{CD7AD202-6167-4747-B4B8-8D49BB7F3144}.Debug|x86.Build.0 = Debug|Any CPU
		{CD7AD202-6167-4747-B4B8-8D49BB7F3144}.Release|Any CPU.ActiveCfg = Release|Any CPU
		{CD7AD202-6167-4747-B4B8-8D49BB7F3144}.Release|Any CPU.Build.0 = Release|Any CPU
		{CD7AD202-6167-4747-B4B8-8D49BB7F3144}.Release|x64.ActiveCfg = Release|Any CPU
		{CD7AD202-6167-4747-B4B8-8D49BB7F3144}.Release|x64.Build.0 = Release|Any CPU
		{CD7AD202-6167-4747-B4B8-8D49BB7F3144}.Release|x86.ActiveCfg = Release|Any CPU
		{CD7AD202-6167-4747-B4B8-8D49BB7F3144}.Release|x86.Build.0 = Release|Any CPU
		{79A763C9-6329-43AC-8BE1-214A47B73F81}.Debug|Any CPU.ActiveCfg = Debug|Any CPU
		{79A763C9-6329-43AC-8BE1-214A47B73F81}.Debug|Any CPU.Build.0 = Debug|Any CPU
		{79A763C9-6329-43AC-8BE1-214A47B73F81}.Debug|x64.ActiveCfg = Debug|Any CPU
		{79A763C9-6329-43AC-8BE1-214A47B73F81}.Debug|x64.Build.0 = Debug|Any CPU
		{79A763C9-6329-43AC-8BE1-214A47B73F81}.Debug|x86.ActiveCfg = Debug|Any CPU
		{79A763C9-6329-43AC-8BE1-214A47B73F81}.Debug|x86.Build.0 = Debug|Any CPU
		{79A763C9-6329-43AC-8BE1-214A47B73F81}.Release|Any CPU.ActiveCfg = Release|Any CPU
		{79A763C9-6329-43AC-8BE1-214A47B73F81}.Release|Any CPU.Build.0 = Release|Any CPU
		{79A763C9-6329-43AC-8BE1-214A47B73F81}.Release|x64.ActiveCfg = Release|Any CPU
		{79A763C9-6329-43AC-8BE1-214A47B73F81}.Release|x64.Build.0 = Release|Any CPU
		{79A763C9-6329-43AC-8BE1-214A47B73F81}.Release|x86.ActiveCfg = Release|Any CPU
		{79A763C9-6329-43AC-8BE1-214A47B73F81}.Release|x86.Build.0 = Release|Any CPU
		{F31DD3EB-0371-467E-86B8-5214C3BA9CD1}.Debug|Any CPU.ActiveCfg = Debug|Any CPU
		{F31DD3EB-0371-467E-86B8-5214C3BA9CD1}.Debug|Any CPU.Build.0 = Debug|Any CPU
		{F31DD3EB-0371-467E-86B8-5214C3BA9CD1}.Debug|x64.ActiveCfg = Debug|Any CPU
		{F31DD3EB-0371-467E-86B8-5214C3BA9CD1}.Debug|x64.Build.0 = Debug|Any CPU
		{F31DD3EB-0371-467E-86B8-5214C3BA9CD1}.Debug|x86.ActiveCfg = Debug|Any CPU
		{F31DD3EB-0371-467E-86B8-5214C3BA9CD1}.Debug|x86.Build.0 = Debug|Any CPU
		{F31DD3EB-0371-467E-86B8-5214C3BA9CD1}.Release|Any CPU.ActiveCfg = Release|Any CPU
		{F31DD3EB-0371-467E-86B8-5214C3BA9CD1}.Release|Any CPU.Build.0 = Release|Any CPU
		{F31DD3EB-0371-467E-86B8-5214C3BA9CD1}.Release|x64.ActiveCfg = Release|Any CPU
		{F31DD3EB-0371-467E-86B8-5214C3BA9CD1}.Release|x64.Build.0 = Release|Any CPU
		{F31DD3EB-0371-467E-86B8-5214C3BA9CD1}.Release|x86.ActiveCfg = Release|Any CPU
		{F31DD3EB-0371-467E-86B8-5214C3BA9CD1}.Release|x86.Build.0 = Release|Any CPU
		{7D43496C-2838-4304-8962-FB77DB7E131C}.Debug|Any CPU.ActiveCfg = Debug|Any CPU
		{7D43496C-2838-4304-8962-FB77DB7E131C}.Debug|Any CPU.Build.0 = Debug|Any CPU
		{7D43496C-2838-4304-8962-FB77DB7E131C}.Debug|x64.ActiveCfg = Debug|Any CPU
		{7D43496C-2838-4304-8962-FB77DB7E131C}.Debug|x64.Build.0 = Debug|Any CPU
		{7D43496C-2838-4304-8962-FB77DB7E131C}.Debug|x86.ActiveCfg = Debug|Any CPU
		{7D43496C-2838-4304-8962-FB77DB7E131C}.Debug|x86.Build.0 = Debug|Any CPU
		{7D43496C-2838-4304-8962-FB77DB7E131C}.Release|Any CPU.ActiveCfg = Release|Any CPU
		{7D43496C-2838-4304-8962-FB77DB7E131C}.Release|Any CPU.Build.0 = Release|Any CPU
		{7D43496C-2838-4304-8962-FB77DB7E131C}.Release|x64.ActiveCfg = Release|Any CPU
		{7D43496C-2838-4304-8962-FB77DB7E131C}.Release|x64.Build.0 = Release|Any CPU
		{7D43496C-2838-4304-8962-FB77DB7E131C}.Release|x86.ActiveCfg = Release|Any CPU
		{7D43496C-2838-4304-8962-FB77DB7E131C}.Release|x86.Build.0 = Release|Any CPU
		{0FC90060-EAA2-4A64-94D0-6D1B2F339D3B}.Debug|Any CPU.ActiveCfg = Debug|Any CPU
		{0FC90060-EAA2-4A64-94D0-6D1B2F339D3B}.Debug|Any CPU.Build.0 = Debug|Any CPU
		{0FC90060-EAA2-4A64-94D0-6D1B2F339D3B}.Debug|x64.ActiveCfg = Debug|Any CPU
		{0FC90060-EAA2-4A64-94D0-6D1B2F339D3B}.Debug|x64.Build.0 = Debug|Any CPU
		{0FC90060-EAA2-4A64-94D0-6D1B2F339D3B}.Debug|x86.ActiveCfg = Debug|Any CPU
		{0FC90060-EAA2-4A64-94D0-6D1B2F339D3B}.Debug|x86.Build.0 = Debug|Any CPU
		{0FC90060-EAA2-4A64-94D0-6D1B2F339D3B}.Release|Any CPU.ActiveCfg = Release|Any CPU
		{0FC90060-EAA2-4A64-94D0-6D1B2F339D3B}.Release|Any CPU.Build.0 = Release|Any CPU
		{0FC90060-EAA2-4A64-94D0-6D1B2F339D3B}.Release|x64.ActiveCfg = Release|Any CPU
		{0FC90060-EAA2-4A64-94D0-6D1B2F339D3B}.Release|x64.Build.0 = Release|Any CPU
		{0FC90060-EAA2-4A64-94D0-6D1B2F339D3B}.Release|x86.ActiveCfg = Release|Any CPU
		{0FC90060-EAA2-4A64-94D0-6D1B2F339D3B}.Release|x86.Build.0 = Release|Any CPU
		{174B2F9C-11AE-4845-A657-17B68484DAE3}.Debug|Any CPU.ActiveCfg = Debug|Any CPU
		{174B2F9C-11AE-4845-A657-17B68484DAE3}.Debug|Any CPU.Build.0 = Debug|Any CPU
		{174B2F9C-11AE-4845-A657-17B68484DAE3}.Debug|x64.ActiveCfg = Debug|Any CPU
		{174B2F9C-11AE-4845-A657-17B68484DAE3}.Debug|x64.Build.0 = Debug|Any CPU
		{174B2F9C-11AE-4845-A657-17B68484DAE3}.Debug|x86.ActiveCfg = Debug|Any CPU
		{174B2F9C-11AE-4845-A657-17B68484DAE3}.Debug|x86.Build.0 = Debug|Any CPU
		{174B2F9C-11AE-4845-A657-17B68484DAE3}.Release|Any CPU.ActiveCfg = Release|Any CPU
		{174B2F9C-11AE-4845-A657-17B68484DAE3}.Release|Any CPU.Build.0 = Release|Any CPU
		{174B2F9C-11AE-4845-A657-17B68484DAE3}.Release|x64.ActiveCfg = Release|Any CPU
		{174B2F9C-11AE-4845-A657-17B68484DAE3}.Release|x64.Build.0 = Release|Any CPU
		{174B2F9C-11AE-4845-A657-17B68484DAE3}.Release|x86.ActiveCfg = Release|Any CPU
		{174B2F9C-11AE-4845-A657-17B68484DAE3}.Release|x86.Build.0 = Release|Any CPU
		{FD041055-1ACF-4DF2-9FB6-8D0F7AD1415E}.Debug|Any CPU.ActiveCfg = Debug|Any CPU
		{FD041055-1ACF-4DF2-9FB6-8D0F7AD1415E}.Debug|Any CPU.Build.0 = Debug|Any CPU
		{FD041055-1ACF-4DF2-9FB6-8D0F7AD1415E}.Debug|x64.ActiveCfg = Debug|Any CPU
		{FD041055-1ACF-4DF2-9FB6-8D0F7AD1415E}.Debug|x64.Build.0 = Debug|Any CPU
		{FD041055-1ACF-4DF2-9FB6-8D0F7AD1415E}.Debug|x86.ActiveCfg = Debug|Any CPU
		{FD041055-1ACF-4DF2-9FB6-8D0F7AD1415E}.Debug|x86.Build.0 = Debug|Any CPU
		{FD041055-1ACF-4DF2-9FB6-8D0F7AD1415E}.Release|Any CPU.ActiveCfg = Release|Any CPU
		{FD041055-1ACF-4DF2-9FB6-8D0F7AD1415E}.Release|Any CPU.Build.0 = Release|Any CPU
		{FD041055-1ACF-4DF2-9FB6-8D0F7AD1415E}.Release|x64.ActiveCfg = Release|Any CPU
		{FD041055-1ACF-4DF2-9FB6-8D0F7AD1415E}.Release|x64.Build.0 = Release|Any CPU
		{FD041055-1ACF-4DF2-9FB6-8D0F7AD1415E}.Release|x86.ActiveCfg = Release|Any CPU
		{FD041055-1ACF-4DF2-9FB6-8D0F7AD1415E}.Release|x86.Build.0 = Release|Any CPU
		{7BB6C89E-BD6F-4BD2-8300-34656D6AA515}.Debug|Any CPU.ActiveCfg = Debug|Any CPU
		{7BB6C89E-BD6F-4BD2-8300-34656D6AA515}.Debug|Any CPU.Build.0 = Debug|Any CPU
		{7BB6C89E-BD6F-4BD2-8300-34656D6AA515}.Debug|x64.ActiveCfg = Debug|Any CPU
		{7BB6C89E-BD6F-4BD2-8300-34656D6AA515}.Debug|x64.Build.0 = Debug|Any CPU
		{7BB6C89E-BD6F-4BD2-8300-34656D6AA515}.Debug|x86.ActiveCfg = Debug|Any CPU
		{7BB6C89E-BD6F-4BD2-8300-34656D6AA515}.Debug|x86.Build.0 = Debug|Any CPU
		{7BB6C89E-BD6F-4BD2-8300-34656D6AA515}.Release|Any CPU.ActiveCfg = Release|Any CPU
		{7BB6C89E-BD6F-4BD2-8300-34656D6AA515}.Release|Any CPU.Build.0 = Release|Any CPU
		{7BB6C89E-BD6F-4BD2-8300-34656D6AA515}.Release|x64.ActiveCfg = Release|Any CPU
		{7BB6C89E-BD6F-4BD2-8300-34656D6AA515}.Release|x64.Build.0 = Release|Any CPU
		{7BB6C89E-BD6F-4BD2-8300-34656D6AA515}.Release|x86.ActiveCfg = Release|Any CPU
		{7BB6C89E-BD6F-4BD2-8300-34656D6AA515}.Release|x86.Build.0 = Release|Any CPU
		{00AF59E1-3DBD-42DF-9753-4CA42B9D298D}.Debug|Any CPU.ActiveCfg = Debug|Any CPU
		{00AF59E1-3DBD-42DF-9753-4CA42B9D298D}.Debug|Any CPU.Build.0 = Debug|Any CPU
		{00AF59E1-3DBD-42DF-9753-4CA42B9D298D}.Debug|x64.ActiveCfg = Debug|Any CPU
		{00AF59E1-3DBD-42DF-9753-4CA42B9D298D}.Debug|x64.Build.0 = Debug|Any CPU
		{00AF59E1-3DBD-42DF-9753-4CA42B9D298D}.Debug|x86.ActiveCfg = Debug|Any CPU
		{00AF59E1-3DBD-42DF-9753-4CA42B9D298D}.Debug|x86.Build.0 = Debug|Any CPU
		{00AF59E1-3DBD-42DF-9753-4CA42B9D298D}.Release|Any CPU.ActiveCfg = Release|Any CPU
		{00AF59E1-3DBD-42DF-9753-4CA42B9D298D}.Release|Any CPU.Build.0 = Release|Any CPU
		{00AF59E1-3DBD-42DF-9753-4CA42B9D298D}.Release|x64.ActiveCfg = Release|Any CPU
		{00AF59E1-3DBD-42DF-9753-4CA42B9D298D}.Release|x64.Build.0 = Release|Any CPU
		{00AF59E1-3DBD-42DF-9753-4CA42B9D298D}.Release|x86.ActiveCfg = Release|Any CPU
		{00AF59E1-3DBD-42DF-9753-4CA42B9D298D}.Release|x86.Build.0 = Release|Any CPU
		{2E0BF26B-F198-4CE0-B2B2-9696996FAC0F}.Debug|Any CPU.ActiveCfg = Debug|Any CPU
		{2E0BF26B-F198-4CE0-B2B2-9696996FAC0F}.Debug|Any CPU.Build.0 = Debug|Any CPU
		{2E0BF26B-F198-4CE0-B2B2-9696996FAC0F}.Debug|x64.ActiveCfg = Debug|Any CPU
		{2E0BF26B-F198-4CE0-B2B2-9696996FAC0F}.Debug|x64.Build.0 = Debug|Any CPU
		{2E0BF26B-F198-4CE0-B2B2-9696996FAC0F}.Debug|x86.ActiveCfg = Debug|Any CPU
		{2E0BF26B-F198-4CE0-B2B2-9696996FAC0F}.Debug|x86.Build.0 = Debug|Any CPU
		{2E0BF26B-F198-4CE0-B2B2-9696996FAC0F}.Release|Any CPU.ActiveCfg = Release|Any CPU
		{2E0BF26B-F198-4CE0-B2B2-9696996FAC0F}.Release|Any CPU.Build.0 = Release|Any CPU
		{2E0BF26B-F198-4CE0-B2B2-9696996FAC0F}.Release|x64.ActiveCfg = Release|Any CPU
		{2E0BF26B-F198-4CE0-B2B2-9696996FAC0F}.Release|x64.Build.0 = Release|Any CPU
		{2E0BF26B-F198-4CE0-B2B2-9696996FAC0F}.Release|x86.ActiveCfg = Release|Any CPU
		{2E0BF26B-F198-4CE0-B2B2-9696996FAC0F}.Release|x86.Build.0 = Release|Any CPU
		{25CFA544-4816-49E1-8826-17F496974209}.Debug|Any CPU.ActiveCfg = Debug|Any CPU
		{25CFA544-4816-49E1-8826-17F496974209}.Debug|Any CPU.Build.0 = Debug|Any CPU
		{25CFA544-4816-49E1-8826-17F496974209}.Debug|x64.ActiveCfg = Debug|Any CPU
		{25CFA544-4816-49E1-8826-17F496974209}.Debug|x64.Build.0 = Debug|Any CPU
		{25CFA544-4816-49E1-8826-17F496974209}.Debug|x86.ActiveCfg = Debug|Any CPU
		{25CFA544-4816-49E1-8826-17F496974209}.Debug|x86.Build.0 = Debug|Any CPU
		{25CFA544-4816-49E1-8826-17F496974209}.Release|Any CPU.ActiveCfg = Release|Any CPU
		{25CFA544-4816-49E1-8826-17F496974209}.Release|Any CPU.Build.0 = Release|Any CPU
		{25CFA544-4816-49E1-8826-17F496974209}.Release|x64.ActiveCfg = Release|Any CPU
		{25CFA544-4816-49E1-8826-17F496974209}.Release|x64.Build.0 = Release|Any CPU
		{25CFA544-4816-49E1-8826-17F496974209}.Release|x86.ActiveCfg = Release|Any CPU
		{25CFA544-4816-49E1-8826-17F496974209}.Release|x86.Build.0 = Release|Any CPU
		{3A3CF5BA-6B86-433D-A23C-A392D757E113}.Debug|Any CPU.ActiveCfg = Debug|Any CPU
		{3A3CF5BA-6B86-433D-A23C-A392D757E113}.Debug|Any CPU.Build.0 = Debug|Any CPU
		{3A3CF5BA-6B86-433D-A23C-A392D757E113}.Debug|x64.ActiveCfg = Debug|Any CPU
		{3A3CF5BA-6B86-433D-A23C-A392D757E113}.Debug|x64.Build.0 = Debug|Any CPU
		{3A3CF5BA-6B86-433D-A23C-A392D757E113}.Debug|x86.ActiveCfg = Debug|Any CPU
		{3A3CF5BA-6B86-433D-A23C-A392D757E113}.Debug|x86.Build.0 = Debug|Any CPU
		{3A3CF5BA-6B86-433D-A23C-A392D757E113}.Release|Any CPU.ActiveCfg = Release|Any CPU
		{3A3CF5BA-6B86-433D-A23C-A392D757E113}.Release|Any CPU.Build.0 = Release|Any CPU
		{3A3CF5BA-6B86-433D-A23C-A392D757E113}.Release|x64.ActiveCfg = Release|Any CPU
		{3A3CF5BA-6B86-433D-A23C-A392D757E113}.Release|x64.Build.0 = Release|Any CPU
		{3A3CF5BA-6B86-433D-A23C-A392D757E113}.Release|x86.ActiveCfg = Release|Any CPU
		{3A3CF5BA-6B86-433D-A23C-A392D757E113}.Release|x86.Build.0 = Release|Any CPU
		{9AE26C17-975C-4681-AD8C-8F44F4B2E275}.Debug|Any CPU.ActiveCfg = Debug|Any CPU
		{9AE26C17-975C-4681-AD8C-8F44F4B2E275}.Debug|Any CPU.Build.0 = Debug|Any CPU
		{9AE26C17-975C-4681-AD8C-8F44F4B2E275}.Debug|x64.ActiveCfg = Debug|Any CPU
		{9AE26C17-975C-4681-AD8C-8F44F4B2E275}.Debug|x64.Build.0 = Debug|Any CPU
		{9AE26C17-975C-4681-AD8C-8F44F4B2E275}.Debug|x86.ActiveCfg = Debug|Any CPU
		{9AE26C17-975C-4681-AD8C-8F44F4B2E275}.Debug|x86.Build.0 = Debug|Any CPU
		{9AE26C17-975C-4681-AD8C-8F44F4B2E275}.Release|Any CPU.ActiveCfg = Release|Any CPU
		{9AE26C17-975C-4681-AD8C-8F44F4B2E275}.Release|Any CPU.Build.0 = Release|Any CPU
		{9AE26C17-975C-4681-AD8C-8F44F4B2E275}.Release|x64.ActiveCfg = Release|Any CPU
		{9AE26C17-975C-4681-AD8C-8F44F4B2E275}.Release|x64.Build.0 = Release|Any CPU
		{9AE26C17-975C-4681-AD8C-8F44F4B2E275}.Release|x86.ActiveCfg = Release|Any CPU
		{9AE26C17-975C-4681-AD8C-8F44F4B2E275}.Release|x86.Build.0 = Release|Any CPU
		{2EABAA97-8152-473E-8B66-E8AD85201733}.Debug|Any CPU.ActiveCfg = Debug|Any CPU
		{2EABAA97-8152-473E-8B66-E8AD85201733}.Debug|Any CPU.Build.0 = Debug|Any CPU
		{2EABAA97-8152-473E-8B66-E8AD85201733}.Debug|x64.ActiveCfg = Debug|Any CPU
		{2EABAA97-8152-473E-8B66-E8AD85201733}.Debug|x64.Build.0 = Debug|Any CPU
		{2EABAA97-8152-473E-8B66-E8AD85201733}.Debug|x86.ActiveCfg = Debug|Any CPU
		{2EABAA97-8152-473E-8B66-E8AD85201733}.Debug|x86.Build.0 = Debug|Any CPU
		{2EABAA97-8152-473E-8B66-E8AD85201733}.Release|Any CPU.ActiveCfg = Release|Any CPU
		{2EABAA97-8152-473E-8B66-E8AD85201733}.Release|Any CPU.Build.0 = Release|Any CPU
		{2EABAA97-8152-473E-8B66-E8AD85201733}.Release|x64.ActiveCfg = Release|Any CPU
		{2EABAA97-8152-473E-8B66-E8AD85201733}.Release|x64.Build.0 = Release|Any CPU
		{2EABAA97-8152-473E-8B66-E8AD85201733}.Release|x86.ActiveCfg = Release|Any CPU
		{2EABAA97-8152-473E-8B66-E8AD85201733}.Release|x86.Build.0 = Release|Any CPU
		{08AEED6A-7DB7-4CAF-AD67-E27EACF02B4F}.Debug|Any CPU.ActiveCfg = Debug|Any CPU
		{08AEED6A-7DB7-4CAF-AD67-E27EACF02B4F}.Debug|Any CPU.Build.0 = Debug|Any CPU
		{08AEED6A-7DB7-4CAF-AD67-E27EACF02B4F}.Debug|x64.ActiveCfg = Debug|Any CPU
		{08AEED6A-7DB7-4CAF-AD67-E27EACF02B4F}.Debug|x64.Build.0 = Debug|Any CPU
		{08AEED6A-7DB7-4CAF-AD67-E27EACF02B4F}.Debug|x86.ActiveCfg = Debug|Any CPU
		{08AEED6A-7DB7-4CAF-AD67-E27EACF02B4F}.Debug|x86.Build.0 = Debug|Any CPU
		{08AEED6A-7DB7-4CAF-AD67-E27EACF02B4F}.Release|Any CPU.ActiveCfg = Release|Any CPU
		{08AEED6A-7DB7-4CAF-AD67-E27EACF02B4F}.Release|Any CPU.Build.0 = Release|Any CPU
		{08AEED6A-7DB7-4CAF-AD67-E27EACF02B4F}.Release|x64.ActiveCfg = Release|Any CPU
		{08AEED6A-7DB7-4CAF-AD67-E27EACF02B4F}.Release|x64.Build.0 = Release|Any CPU
		{08AEED6A-7DB7-4CAF-AD67-E27EACF02B4F}.Release|x86.ActiveCfg = Release|Any CPU
		{08AEED6A-7DB7-4CAF-AD67-E27EACF02B4F}.Release|x86.Build.0 = Release|Any CPU
		{11F177FC-C7A3-4D62-81E2-2D0F715E37DC}.Debug|Any CPU.ActiveCfg = Debug|Any CPU
		{11F177FC-C7A3-4D62-81E2-2D0F715E37DC}.Debug|Any CPU.Build.0 = Debug|Any CPU
		{11F177FC-C7A3-4D62-81E2-2D0F715E37DC}.Debug|x64.ActiveCfg = Debug|Any CPU
		{11F177FC-C7A3-4D62-81E2-2D0F715E37DC}.Debug|x64.Build.0 = Debug|Any CPU
		{11F177FC-C7A3-4D62-81E2-2D0F715E37DC}.Debug|x86.ActiveCfg = Debug|Any CPU
		{11F177FC-C7A3-4D62-81E2-2D0F715E37DC}.Debug|x86.Build.0 = Debug|Any CPU
		{11F177FC-C7A3-4D62-81E2-2D0F715E37DC}.Release|Any CPU.ActiveCfg = Release|Any CPU
		{11F177FC-C7A3-4D62-81E2-2D0F715E37DC}.Release|Any CPU.Build.0 = Release|Any CPU
		{11F177FC-C7A3-4D62-81E2-2D0F715E37DC}.Release|x64.ActiveCfg = Release|Any CPU
		{11F177FC-C7A3-4D62-81E2-2D0F715E37DC}.Release|x64.Build.0 = Release|Any CPU
		{11F177FC-C7A3-4D62-81E2-2D0F715E37DC}.Release|x86.ActiveCfg = Release|Any CPU
		{11F177FC-C7A3-4D62-81E2-2D0F715E37DC}.Release|x86.Build.0 = Release|Any CPU
		{261A0B34-6593-4317-9E92-DE5AFF2C1A5E}.Debug|Any CPU.ActiveCfg = Debug|Any CPU
		{261A0B34-6593-4317-9E92-DE5AFF2C1A5E}.Debug|Any CPU.Build.0 = Debug|Any CPU
		{261A0B34-6593-4317-9E92-DE5AFF2C1A5E}.Debug|x64.ActiveCfg = Debug|Any CPU
		{261A0B34-6593-4317-9E92-DE5AFF2C1A5E}.Debug|x64.Build.0 = Debug|Any CPU
		{261A0B34-6593-4317-9E92-DE5AFF2C1A5E}.Debug|x86.ActiveCfg = Debug|Any CPU
		{261A0B34-6593-4317-9E92-DE5AFF2C1A5E}.Debug|x86.Build.0 = Debug|Any CPU
		{261A0B34-6593-4317-9E92-DE5AFF2C1A5E}.Release|Any CPU.ActiveCfg = Release|Any CPU
		{261A0B34-6593-4317-9E92-DE5AFF2C1A5E}.Release|Any CPU.Build.0 = Release|Any CPU
		{261A0B34-6593-4317-9E92-DE5AFF2C1A5E}.Release|x64.ActiveCfg = Release|Any CPU
		{261A0B34-6593-4317-9E92-DE5AFF2C1A5E}.Release|x64.Build.0 = Release|Any CPU
		{261A0B34-6593-4317-9E92-DE5AFF2C1A5E}.Release|x86.ActiveCfg = Release|Any CPU
		{261A0B34-6593-4317-9E92-DE5AFF2C1A5E}.Release|x86.Build.0 = Release|Any CPU
		{88643886-911A-4625-AA43-4986475BDDBF}.Debug|Any CPU.ActiveCfg = Debug|Any CPU
		{88643886-911A-4625-AA43-4986475BDDBF}.Debug|Any CPU.Build.0 = Debug|Any CPU
		{88643886-911A-4625-AA43-4986475BDDBF}.Debug|x64.ActiveCfg = Debug|Any CPU
		{88643886-911A-4625-AA43-4986475BDDBF}.Debug|x64.Build.0 = Debug|Any CPU
		{88643886-911A-4625-AA43-4986475BDDBF}.Debug|x86.ActiveCfg = Debug|Any CPU
		{88643886-911A-4625-AA43-4986475BDDBF}.Debug|x86.Build.0 = Debug|Any CPU
		{88643886-911A-4625-AA43-4986475BDDBF}.Release|Any CPU.ActiveCfg = Release|Any CPU
		{88643886-911A-4625-AA43-4986475BDDBF}.Release|Any CPU.Build.0 = Release|Any CPU
		{88643886-911A-4625-AA43-4986475BDDBF}.Release|x64.ActiveCfg = Release|Any CPU
		{88643886-911A-4625-AA43-4986475BDDBF}.Release|x64.Build.0 = Release|Any CPU
		{88643886-911A-4625-AA43-4986475BDDBF}.Release|x86.ActiveCfg = Release|Any CPU
		{88643886-911A-4625-AA43-4986475BDDBF}.Release|x86.Build.0 = Release|Any CPU
		{8B86E058-AAB8-44D2-8FA7-1233015BE67A}.Debug|Any CPU.ActiveCfg = Debug|Any CPU
		{8B86E058-AAB8-44D2-8FA7-1233015BE67A}.Debug|Any CPU.Build.0 = Debug|Any CPU
		{8B86E058-AAB8-44D2-8FA7-1233015BE67A}.Debug|x64.ActiveCfg = Debug|Any CPU
		{8B86E058-AAB8-44D2-8FA7-1233015BE67A}.Debug|x64.Build.0 = Debug|Any CPU
		{8B86E058-AAB8-44D2-8FA7-1233015BE67A}.Debug|x86.ActiveCfg = Debug|Any CPU
		{8B86E058-AAB8-44D2-8FA7-1233015BE67A}.Debug|x86.Build.0 = Debug|Any CPU
		{8B86E058-AAB8-44D2-8FA7-1233015BE67A}.Release|Any CPU.ActiveCfg = Release|Any CPU
		{8B86E058-AAB8-44D2-8FA7-1233015BE67A}.Release|Any CPU.Build.0 = Release|Any CPU
		{8B86E058-AAB8-44D2-8FA7-1233015BE67A}.Release|x64.ActiveCfg = Release|Any CPU
		{8B86E058-AAB8-44D2-8FA7-1233015BE67A}.Release|x64.Build.0 = Release|Any CPU
		{8B86E058-AAB8-44D2-8FA7-1233015BE67A}.Release|x86.ActiveCfg = Release|Any CPU
		{8B86E058-AAB8-44D2-8FA7-1233015BE67A}.Release|x86.Build.0 = Release|Any CPU
		{6B7B16C3-3841-4635-9F83-B37AF74AC1A9}.Debug|Any CPU.ActiveCfg = Debug|Any CPU
		{6B7B16C3-3841-4635-9F83-B37AF74AC1A9}.Debug|Any CPU.Build.0 = Debug|Any CPU
		{6B7B16C3-3841-4635-9F83-B37AF74AC1A9}.Debug|x64.ActiveCfg = Debug|Any CPU
		{6B7B16C3-3841-4635-9F83-B37AF74AC1A9}.Debug|x64.Build.0 = Debug|Any CPU
		{6B7B16C3-3841-4635-9F83-B37AF74AC1A9}.Debug|x86.ActiveCfg = Debug|Any CPU
		{6B7B16C3-3841-4635-9F83-B37AF74AC1A9}.Debug|x86.Build.0 = Debug|Any CPU
		{6B7B16C3-3841-4635-9F83-B37AF74AC1A9}.Release|Any CPU.ActiveCfg = Release|Any CPU
		{6B7B16C3-3841-4635-9F83-B37AF74AC1A9}.Release|Any CPU.Build.0 = Release|Any CPU
		{6B7B16C3-3841-4635-9F83-B37AF74AC1A9}.Release|x64.ActiveCfg = Release|Any CPU
		{6B7B16C3-3841-4635-9F83-B37AF74AC1A9}.Release|x64.Build.0 = Release|Any CPU
		{6B7B16C3-3841-4635-9F83-B37AF74AC1A9}.Release|x86.ActiveCfg = Release|Any CPU
		{6B7B16C3-3841-4635-9F83-B37AF74AC1A9}.Release|x86.Build.0 = Release|Any CPU
		{9C39C76B-330E-48E6-A4AE-2A2926D38968}.Debug|Any CPU.ActiveCfg = Debug|Any CPU
		{9C39C76B-330E-48E6-A4AE-2A2926D38968}.Debug|Any CPU.Build.0 = Debug|Any CPU
		{9C39C76B-330E-48E6-A4AE-2A2926D38968}.Debug|x64.ActiveCfg = Debug|Any CPU
		{9C39C76B-330E-48E6-A4AE-2A2926D38968}.Debug|x64.Build.0 = Debug|Any CPU
		{9C39C76B-330E-48E6-A4AE-2A2926D38968}.Debug|x86.ActiveCfg = Debug|Any CPU
		{9C39C76B-330E-48E6-A4AE-2A2926D38968}.Debug|x86.Build.0 = Debug|Any CPU
		{9C39C76B-330E-48E6-A4AE-2A2926D38968}.Release|Any CPU.ActiveCfg = Release|Any CPU
		{9C39C76B-330E-48E6-A4AE-2A2926D38968}.Release|Any CPU.Build.0 = Release|Any CPU
		{9C39C76B-330E-48E6-A4AE-2A2926D38968}.Release|x64.ActiveCfg = Release|Any CPU
		{9C39C76B-330E-48E6-A4AE-2A2926D38968}.Release|x64.Build.0 = Release|Any CPU
		{9C39C76B-330E-48E6-A4AE-2A2926D38968}.Release|x86.ActiveCfg = Release|Any CPU
		{9C39C76B-330E-48E6-A4AE-2A2926D38968}.Release|x86.Build.0 = Release|Any CPU
		{25A9B309-41DB-4824-9AF8-6D44BDCFD5FA}.Debug|Any CPU.ActiveCfg = Debug|Any CPU
		{25A9B309-41DB-4824-9AF8-6D44BDCFD5FA}.Debug|Any CPU.Build.0 = Debug|Any CPU
		{25A9B309-41DB-4824-9AF8-6D44BDCFD5FA}.Debug|x64.ActiveCfg = Debug|Any CPU
		{25A9B309-41DB-4824-9AF8-6D44BDCFD5FA}.Debug|x64.Build.0 = Debug|Any CPU
		{25A9B309-41DB-4824-9AF8-6D44BDCFD5FA}.Debug|x86.ActiveCfg = Debug|Any CPU
		{25A9B309-41DB-4824-9AF8-6D44BDCFD5FA}.Debug|x86.Build.0 = Debug|Any CPU
		{25A9B309-41DB-4824-9AF8-6D44BDCFD5FA}.Release|Any CPU.ActiveCfg = Release|Any CPU
		{25A9B309-41DB-4824-9AF8-6D44BDCFD5FA}.Release|Any CPU.Build.0 = Release|Any CPU
		{25A9B309-41DB-4824-9AF8-6D44BDCFD5FA}.Release|x64.ActiveCfg = Release|Any CPU
		{25A9B309-41DB-4824-9AF8-6D44BDCFD5FA}.Release|x64.Build.0 = Release|Any CPU
		{25A9B309-41DB-4824-9AF8-6D44BDCFD5FA}.Release|x86.ActiveCfg = Release|Any CPU
		{25A9B309-41DB-4824-9AF8-6D44BDCFD5FA}.Release|x86.Build.0 = Release|Any CPU
		{01C9D174-8983-402C-8136-D1F17D6E6D6D}.Debug|Any CPU.ActiveCfg = Debug|Any CPU
		{01C9D174-8983-402C-8136-D1F17D6E6D6D}.Debug|Any CPU.Build.0 = Debug|Any CPU
		{01C9D174-8983-402C-8136-D1F17D6E6D6D}.Debug|x64.ActiveCfg = Debug|Any CPU
		{01C9D174-8983-402C-8136-D1F17D6E6D6D}.Debug|x64.Build.0 = Debug|Any CPU
		{01C9D174-8983-402C-8136-D1F17D6E6D6D}.Debug|x86.ActiveCfg = Debug|Any CPU
		{01C9D174-8983-402C-8136-D1F17D6E6D6D}.Debug|x86.Build.0 = Debug|Any CPU
		{01C9D174-8983-402C-8136-D1F17D6E6D6D}.Release|Any CPU.ActiveCfg = Release|Any CPU
		{01C9D174-8983-402C-8136-D1F17D6E6D6D}.Release|Any CPU.Build.0 = Release|Any CPU
		{01C9D174-8983-402C-8136-D1F17D6E6D6D}.Release|x64.ActiveCfg = Release|Any CPU
		{01C9D174-8983-402C-8136-D1F17D6E6D6D}.Release|x64.Build.0 = Release|Any CPU
		{01C9D174-8983-402C-8136-D1F17D6E6D6D}.Release|x86.ActiveCfg = Release|Any CPU
		{01C9D174-8983-402C-8136-D1F17D6E6D6D}.Release|x86.Build.0 = Release|Any CPU
		{A07B1FFC-7B39-4BEE-B1C0-986A0779B4F7}.Debug|Any CPU.ActiveCfg = Debug|Any CPU
		{A07B1FFC-7B39-4BEE-B1C0-986A0779B4F7}.Debug|Any CPU.Build.0 = Debug|Any CPU
		{A07B1FFC-7B39-4BEE-B1C0-986A0779B4F7}.Debug|x64.ActiveCfg = Debug|Any CPU
		{A07B1FFC-7B39-4BEE-B1C0-986A0779B4F7}.Debug|x64.Build.0 = Debug|Any CPU
		{A07B1FFC-7B39-4BEE-B1C0-986A0779B4F7}.Debug|x86.ActiveCfg = Debug|Any CPU
		{A07B1FFC-7B39-4BEE-B1C0-986A0779B4F7}.Debug|x86.Build.0 = Debug|Any CPU
		{A07B1FFC-7B39-4BEE-B1C0-986A0779B4F7}.Release|Any CPU.ActiveCfg = Release|Any CPU
		{A07B1FFC-7B39-4BEE-B1C0-986A0779B4F7}.Release|Any CPU.Build.0 = Release|Any CPU
		{A07B1FFC-7B39-4BEE-B1C0-986A0779B4F7}.Release|x64.ActiveCfg = Release|Any CPU
		{A07B1FFC-7B39-4BEE-B1C0-986A0779B4F7}.Release|x64.Build.0 = Release|Any CPU
		{A07B1FFC-7B39-4BEE-B1C0-986A0779B4F7}.Release|x86.ActiveCfg = Release|Any CPU
		{A07B1FFC-7B39-4BEE-B1C0-986A0779B4F7}.Release|x86.Build.0 = Release|Any CPU
		{8792E1B6-57C1-4C22-B233-BBE0E67415AB}.Debug|Any CPU.ActiveCfg = Debug|Any CPU
		{8792E1B6-57C1-4C22-B233-BBE0E67415AB}.Debug|Any CPU.Build.0 = Debug|Any CPU
		{8792E1B6-57C1-4C22-B233-BBE0E67415AB}.Debug|x64.ActiveCfg = Debug|Any CPU
		{8792E1B6-57C1-4C22-B233-BBE0E67415AB}.Debug|x64.Build.0 = Debug|Any CPU
		{8792E1B6-57C1-4C22-B233-BBE0E67415AB}.Debug|x86.ActiveCfg = Debug|Any CPU
		{8792E1B6-57C1-4C22-B233-BBE0E67415AB}.Debug|x86.Build.0 = Debug|Any CPU
		{8792E1B6-57C1-4C22-B233-BBE0E67415AB}.Release|Any CPU.ActiveCfg = Release|Any CPU
		{8792E1B6-57C1-4C22-B233-BBE0E67415AB}.Release|Any CPU.Build.0 = Release|Any CPU
		{8792E1B6-57C1-4C22-B233-BBE0E67415AB}.Release|x64.ActiveCfg = Release|Any CPU
		{8792E1B6-57C1-4C22-B233-BBE0E67415AB}.Release|x64.Build.0 = Release|Any CPU
		{8792E1B6-57C1-4C22-B233-BBE0E67415AB}.Release|x86.ActiveCfg = Release|Any CPU
		{8792E1B6-57C1-4C22-B233-BBE0E67415AB}.Release|x86.Build.0 = Release|Any CPU
		{0E5F6846-7DC7-47C2-9475-4EC3485AF8DC}.Debug|Any CPU.ActiveCfg = Debug|Any CPU
		{0E5F6846-7DC7-47C2-9475-4EC3485AF8DC}.Debug|Any CPU.Build.0 = Debug|Any CPU
		{0E5F6846-7DC7-47C2-9475-4EC3485AF8DC}.Debug|x64.ActiveCfg = Debug|Any CPU
		{0E5F6846-7DC7-47C2-9475-4EC3485AF8DC}.Debug|x64.Build.0 = Debug|Any CPU
		{0E5F6846-7DC7-47C2-9475-4EC3485AF8DC}.Debug|x86.ActiveCfg = Debug|Any CPU
		{0E5F6846-7DC7-47C2-9475-4EC3485AF8DC}.Debug|x86.Build.0 = Debug|Any CPU
		{0E5F6846-7DC7-47C2-9475-4EC3485AF8DC}.Release|Any CPU.ActiveCfg = Release|Any CPU
		{0E5F6846-7DC7-47C2-9475-4EC3485AF8DC}.Release|Any CPU.Build.0 = Release|Any CPU
		{0E5F6846-7DC7-47C2-9475-4EC3485AF8DC}.Release|x64.ActiveCfg = Release|Any CPU
		{0E5F6846-7DC7-47C2-9475-4EC3485AF8DC}.Release|x64.Build.0 = Release|Any CPU
		{0E5F6846-7DC7-47C2-9475-4EC3485AF8DC}.Release|x86.ActiveCfg = Release|Any CPU
		{0E5F6846-7DC7-47C2-9475-4EC3485AF8DC}.Release|x86.Build.0 = Release|Any CPU
		{2518BB7E-6625-4486-8AD5-FF013F2725D4}.Debug|Any CPU.ActiveCfg = Debug|Any CPU
		{2518BB7E-6625-4486-8AD5-FF013F2725D4}.Debug|Any CPU.Build.0 = Debug|Any CPU
		{2518BB7E-6625-4486-8AD5-FF013F2725D4}.Debug|x64.ActiveCfg = Debug|Any CPU
		{2518BB7E-6625-4486-8AD5-FF013F2725D4}.Debug|x64.Build.0 = Debug|Any CPU
		{2518BB7E-6625-4486-8AD5-FF013F2725D4}.Debug|x86.ActiveCfg = Debug|Any CPU
		{2518BB7E-6625-4486-8AD5-FF013F2725D4}.Debug|x86.Build.0 = Debug|Any CPU
		{2518BB7E-6625-4486-8AD5-FF013F2725D4}.Release|Any CPU.ActiveCfg = Release|Any CPU
		{2518BB7E-6625-4486-8AD5-FF013F2725D4}.Release|Any CPU.Build.0 = Release|Any CPU
		{2518BB7E-6625-4486-8AD5-FF013F2725D4}.Release|x64.ActiveCfg = Release|Any CPU
		{2518BB7E-6625-4486-8AD5-FF013F2725D4}.Release|x64.Build.0 = Release|Any CPU
		{2518BB7E-6625-4486-8AD5-FF013F2725D4}.Release|x86.ActiveCfg = Release|Any CPU
		{2518BB7E-6625-4486-8AD5-FF013F2725D4}.Release|x86.Build.0 = Release|Any CPU
		{16DD31C7-E6E6-4749-A960-88669C5EE662}.Debug|Any CPU.ActiveCfg = Debug|Any CPU
		{16DD31C7-E6E6-4749-A960-88669C5EE662}.Debug|Any CPU.Build.0 = Debug|Any CPU
		{16DD31C7-E6E6-4749-A960-88669C5EE662}.Debug|x64.ActiveCfg = Debug|Any CPU
		{16DD31C7-E6E6-4749-A960-88669C5EE662}.Debug|x64.Build.0 = Debug|Any CPU
		{16DD31C7-E6E6-4749-A960-88669C5EE662}.Debug|x86.ActiveCfg = Debug|Any CPU
		{16DD31C7-E6E6-4749-A960-88669C5EE662}.Debug|x86.Build.0 = Debug|Any CPU
		{16DD31C7-E6E6-4749-A960-88669C5EE662}.Release|Any CPU.ActiveCfg = Release|Any CPU
		{16DD31C7-E6E6-4749-A960-88669C5EE662}.Release|Any CPU.Build.0 = Release|Any CPU
		{16DD31C7-E6E6-4749-A960-88669C5EE662}.Release|x64.ActiveCfg = Release|Any CPU
		{16DD31C7-E6E6-4749-A960-88669C5EE662}.Release|x64.Build.0 = Release|Any CPU
		{16DD31C7-E6E6-4749-A960-88669C5EE662}.Release|x86.ActiveCfg = Release|Any CPU
		{16DD31C7-E6E6-4749-A960-88669C5EE662}.Release|x86.Build.0 = Release|Any CPU
	EndGlobalSection
	GlobalSection(SolutionProperties) = preSolution
		HideSolutionNode = FALSE
	EndGlobalSection
	GlobalSection(ExtensibilityGlobals) = postSolution
		SolutionGuid = {84AD7FF8-CE18-44B5-9E16-BF832ADFD2E3}
	EndGlobalSection
EndGlobal
